// !$*UTF8*$!
{
	archiveVersion = 1;
	classes = {
	};
	objectVersion = 55;
	objects = {

/* Begin PBXBuildFile section */
		8D14D042270F709B0092CFC1 /* UIView+Layout.swift in Sources */ = {isa = PBXBuildFile; fileRef = 8D14D041270F709B0092CFC1 /* UIView+Layout.swift */; };
		8D14D045270FAB590092CFC1 /* DetailTopViewController.swift in Sources */ = {isa = PBXBuildFile; fileRef = 8D14D044270FAB590092CFC1 /* DetailTopViewController.swift */; };
		8D14D047270FB90D0092CFC1 /* UIVIewController+Extension.swift in Sources */ = {isa = PBXBuildFile; fileRef = 8D14D046270FB90D0092CFC1 /* UIVIewController+Extension.swift */; };
		8D14D04A270FCAAF0092CFC1 /* DetailBookController.swift in Sources */ = {isa = PBXBuildFile; fileRef = 8D14D049270FCAAF0092CFC1 /* DetailBookController.swift */; };
		8D2BFA91270E77A70000A499 /* UIColor+Extension.swift in Sources */ = {isa = PBXBuildFile; fileRef = 8D2BFA90270E77A60000A499 /* UIColor+Extension.swift */; };
		8D9316E127065B150074922A /* AppDelegate.swift in Sources */ = {isa = PBXBuildFile; fileRef = 8D9316E027065B150074922A /* AppDelegate.swift */; };
		8D9316E327065B150074922A /* SceneDelegate.swift in Sources */ = {isa = PBXBuildFile; fileRef = 8D9316E227065B150074922A /* SceneDelegate.swift */; };
		8D9316E827065B150074922A /* Main.storyboard in Resources */ = {isa = PBXBuildFile; fileRef = 8D9316E627065B150074922A /* Main.storyboard */; };
		8D9316EB27065B150074922A /* AnimeApp.xcdatamodeld in Sources */ = {isa = PBXBuildFile; fileRef = 8D9316E927065B150074922A /* AnimeApp.xcdatamodeld */; };
		8D9316ED27065B180074922A /* Assets.xcassets in Resources */ = {isa = PBXBuildFile; fileRef = 8D9316EC27065B180074922A /* Assets.xcassets */; };
		8D9316F027065B180074922A /* LaunchScreen.storyboard in Resources */ = {isa = PBXBuildFile; fileRef = 8D9316EE27065B180074922A /* LaunchScreen.storyboard */; };
		8D93170027065EC10074922A /* TopStoriesViewController.swift in Sources */ = {isa = PBXBuildFile; fileRef = 8D9316FF27065EC10074922A /* TopStoriesViewController.swift */; };
		8D93170427066C680074922A /* TopStoriesCollectionViewCell.swift in Sources */ = {isa = PBXBuildFile; fileRef = 8D93170227066C680074922A /* TopStoriesCollectionViewCell.swift */; };
		8D93170527066C680074922A /* TopStoriesCollectionViewCell.xib in Resources */ = {isa = PBXBuildFile; fileRef = 8D93170327066C680074922A /* TopStoriesCollectionViewCell.xib */; };
		8D93170727066CD40074922A /* UIView+Extension.swift in Sources */ = {isa = PBXBuildFile; fileRef = 8D93170627066CD40074922A /* UIView+Extension.swift */; };
		8D93170A27066FF00074922A /* CardViewShadow.swift in Sources */ = {isa = PBXBuildFile; fileRef = 8D93170927066FF00074922A /* CardViewShadow.swift */; };
		8D93170C270671B70074922A /* Top.swift in Sources */ = {isa = PBXBuildFile; fileRef = 8D93170B270671B70074922A /* Top.swift */; };
		8D93170E270678360074922A /* String+Extension.swift in Sources */ = {isa = PBXBuildFile; fileRef = 8D93170D270678360074922A /* String+Extension.swift */; };
		8D93171227067B210074922A /* NetworkServicesModel.swift in Sources */ = {isa = PBXBuildFile; fileRef = 8D93171127067B210074922A /* NetworkServicesModel.swift */; };
		8D93171527067C4B0074922A /* TopStoriesViewModel.swift in Sources */ = {isa = PBXBuildFile; fileRef = 8D93171427067C4B0074922A /* TopStoriesViewModel.swift */; };
		8DE1A710270E212A000D44FD /* BookListCollectionViewCell.swift in Sources */ = {isa = PBXBuildFile; fileRef = 8DE1A70E270E2129000D44FD /* BookListCollectionViewCell.swift */; };
		8DE1A711270E212A000D44FD /* BookListCollectionViewCell.xib in Resources */ = {isa = PBXBuildFile; fileRef = 8DE1A70F270E2129000D44FD /* BookListCollectionViewCell.xib */; };
		8DF18162270CC27E00E20C53 /* Book.swift in Sources */ = {isa = PBXBuildFile; fileRef = 8DF18161270CC27E00E20C53 /* Book.swift */; };
		8DF18165270CCA5100E20C53 /* BookListsViewModel.swift in Sources */ = {isa = PBXBuildFile; fileRef = 8DF18164270CCA5100E20C53 /* BookListsViewModel.swift */; };
		D6AEFDD5EC3176872FF08AEA /* Pods_AnimeApp.framework in Frameworks */ = {isa = PBXBuildFile; fileRef = D375F9EB19858BFAD796F043 /* Pods_AnimeApp.framework */; };
/* End PBXBuildFile section */

/* Begin PBXFileReference section */
		5AD285334D61C15C1B8181BC /* Pods-AnimeApp.debug.xcconfig */ = {isa = PBXFileReference; includeInIndex = 1; lastKnownFileType = text.xcconfig; name = "Pods-AnimeApp.debug.xcconfig"; path = "Target Support Files/Pods-AnimeApp/Pods-AnimeApp.debug.xcconfig"; sourceTree = "<group>"; };
		8D14D041270F709B0092CFC1 /* UIView+Layout.swift */ = {isa = PBXFileReference; lastKnownFileType = sourcecode.swift; path = "UIView+Layout.swift"; sourceTree = "<group>"; };
		8D14D044270FAB590092CFC1 /* DetailTopViewController.swift */ = {isa = PBXFileReference; lastKnownFileType = sourcecode.swift; path = DetailTopViewController.swift; sourceTree = "<group>"; };
		8D14D046270FB90D0092CFC1 /* UIVIewController+Extension.swift */ = {isa = PBXFileReference; lastKnownFileType = sourcecode.swift; path = "UIVIewController+Extension.swift"; sourceTree = "<group>"; };
		8D14D049270FCAAF0092CFC1 /* DetailBookController.swift */ = {isa = PBXFileReference; lastKnownFileType = sourcecode.swift; path = DetailBookController.swift; sourceTree = "<group>"; };
		8D2BFA90270E77A60000A499 /* UIColor+Extension.swift */ = {isa = PBXFileReference; lastKnownFileType = sourcecode.swift; path = "UIColor+Extension.swift"; sourceTree = "<group>"; };
		8D9316DD27065B150074922A /* AnimeApp.app */ = {isa = PBXFileReference; explicitFileType = wrapper.application; includeInIndex = 0; path = AnimeApp.app; sourceTree = BUILT_PRODUCTS_DIR; };
		8D9316E027065B150074922A /* AppDelegate.swift */ = {isa = PBXFileReference; lastKnownFileType = sourcecode.swift; path = AppDelegate.swift; sourceTree = "<group>"; };
		8D9316E227065B150074922A /* SceneDelegate.swift */ = {isa = PBXFileReference; lastKnownFileType = sourcecode.swift; path = SceneDelegate.swift; sourceTree = "<group>"; };
		8D9316E727065B150074922A /* Base */ = {isa = PBXFileReference; lastKnownFileType = file.storyboard; name = Base; path = Base.lproj/Main.storyboard; sourceTree = "<group>"; };
		8D9316EA27065B150074922A /* AnimeApp.xcdatamodel */ = {isa = PBXFileReference; lastKnownFileType = wrapper.xcdatamodel; path = AnimeApp.xcdatamodel; sourceTree = "<group>"; };
		8D9316EC27065B180074922A /* Assets.xcassets */ = {isa = PBXFileReference; lastKnownFileType = folder.assetcatalog; path = Assets.xcassets; sourceTree = "<group>"; };
		8D9316EF27065B180074922A /* Base */ = {isa = PBXFileReference; lastKnownFileType = file.storyboard; name = Base; path = Base.lproj/LaunchScreen.storyboard; sourceTree = "<group>"; };
		8D9316F127065B180074922A /* Info.plist */ = {isa = PBXFileReference; lastKnownFileType = text.plist.xml; path = Info.plist; sourceTree = "<group>"; };
		8D9316FF27065EC10074922A /* TopStoriesViewController.swift */ = {isa = PBXFileReference; lastKnownFileType = sourcecode.swift; path = TopStoriesViewController.swift; sourceTree = "<group>"; };
		8D93170227066C680074922A /* TopStoriesCollectionViewCell.swift */ = {isa = PBXFileReference; lastKnownFileType = sourcecode.swift; path = TopStoriesCollectionViewCell.swift; sourceTree = "<group>"; };
		8D93170327066C680074922A /* TopStoriesCollectionViewCell.xib */ = {isa = PBXFileReference; lastKnownFileType = file.xib; path = TopStoriesCollectionViewCell.xib; sourceTree = "<group>"; };
		8D93170627066CD40074922A /* UIView+Extension.swift */ = {isa = PBXFileReference; lastKnownFileType = sourcecode.swift; path = "UIView+Extension.swift"; sourceTree = "<group>"; };
		8D93170927066FF00074922A /* CardViewShadow.swift */ = {isa = PBXFileReference; lastKnownFileType = sourcecode.swift; path = CardViewShadow.swift; sourceTree = "<group>"; };
		8D93170B270671B70074922A /* Top.swift */ = {isa = PBXFileReference; lastKnownFileType = sourcecode.swift; path = Top.swift; sourceTree = "<group>"; };
		8D93170D270678360074922A /* String+Extension.swift */ = {isa = PBXFileReference; lastKnownFileType = sourcecode.swift; path = "String+Extension.swift"; sourceTree = "<group>"; };
		8D93171127067B210074922A /* NetworkServicesModel.swift */ = {isa = PBXFileReference; lastKnownFileType = sourcecode.swift; path = NetworkServicesModel.swift; sourceTree = "<group>"; };
		8D93171427067C4B0074922A /* TopStoriesViewModel.swift */ = {isa = PBXFileReference; lastKnownFileType = sourcecode.swift; path = TopStoriesViewModel.swift; sourceTree = "<group>"; };
		8DE1A70E270E2129000D44FD /* BookListCollectionViewCell.swift */ = {isa = PBXFileReference; lastKnownFileType = sourcecode.swift; path = BookListCollectionViewCell.swift; sourceTree = "<group>"; };
		8DE1A70F270E2129000D44FD /* BookListCollectionViewCell.xib */ = {isa = PBXFileReference; lastKnownFileType = file.xib; path = BookListCollectionViewCell.xib; sourceTree = "<group>"; };
		8DF18161270CC27E00E20C53 /* Book.swift */ = {isa = PBXFileReference; lastKnownFileType = sourcecode.swift; path = Book.swift; sourceTree = "<group>"; };
		8DF18164270CCA5100E20C53 /* BookListsViewModel.swift */ = {isa = PBXFileReference; lastKnownFileType = sourcecode.swift; path = BookListsViewModel.swift; sourceTree = "<group>"; };
		AA3B878DBB68D9EF4CFEAF51 /* Pods-AnimeApp.release.xcconfig */ = {isa = PBXFileReference; includeInIndex = 1; lastKnownFileType = text.xcconfig; name = "Pods-AnimeApp.release.xcconfig"; path = "Target Support Files/Pods-AnimeApp/Pods-AnimeApp.release.xcconfig"; sourceTree = "<group>"; };
		D375F9EB19858BFAD796F043 /* Pods_AnimeApp.framework */ = {isa = PBXFileReference; explicitFileType = wrapper.framework; includeInIndex = 0; path = Pods_AnimeApp.framework; sourceTree = BUILT_PRODUCTS_DIR; };
/* End PBXFileReference section */

/* Begin PBXFrameworksBuildPhase section */
		8D9316DA27065B150074922A /* Frameworks */ = {
			isa = PBXFrameworksBuildPhase;
			buildActionMask = 2147483647;
			files = (
				D6AEFDD5EC3176872FF08AEA /* Pods_AnimeApp.framework in Frameworks */,
			);
			runOnlyForDeploymentPostprocessing = 0;
		};
/* End PBXFrameworksBuildPhase section */

/* Begin PBXGroup section */
		3FE1C6D1EABE800E50E826B5 /* Pods */ = {
			isa = PBXGroup;
			children = (
				5AD285334D61C15C1B8181BC /* Pods-AnimeApp.debug.xcconfig */,
				AA3B878DBB68D9EF4CFEAF51 /* Pods-AnimeApp.release.xcconfig */,
			);
			path = Pods;
			sourceTree = "<group>";
		};
		8D14D040270F70750092CFC1 /* FillSuperview */ = {
			isa = PBXGroup;
			children = (
				8D14D041270F709B0092CFC1 /* UIView+Layout.swift */,
			);
			path = FillSuperview;
			sourceTree = "<group>";
		};
		8D14D043270FAB3F0092CFC1 /* DetailTopController */ = {
			isa = PBXGroup;
			children = (
				8D14D044270FAB590092CFC1 /* DetailTopViewController.swift */,
			);
			path = DetailTopController;
			sourceTree = "<group>";
		};
		8D14D048270FCA490092CFC1 /* DetailBookController */ = {
			isa = PBXGroup;
			children = (
				8D14D049270FCAAF0092CFC1 /* DetailBookController.swift */,
			);
			path = DetailBookController;
			sourceTree = "<group>";
		};
		8D9316D427065B150074922A = {
			isa = PBXGroup;
			children = (
				8D9316DF27065B150074922A /* AnimeApp */,
				8D9316DE27065B150074922A /* Products */,
				3FE1C6D1EABE800E50E826B5 /* Pods */,
				E4F11B6F1CD2EA134DCC65A6 /* Frameworks */,
			);
			sourceTree = "<group>";
		};
		8D9316DE27065B150074922A /* Products */ = {
			isa = PBXGroup;
			children = (
				8D9316DD27065B150074922A /* AnimeApp.app */,
			);
			name = Products;
			sourceTree = "<group>";
		};
		8D9316DF27065B150074922A /* AnimeApp */ = {
			isa = PBXGroup;
			children = (
				8D9316FE27065C750074922A /* StoryBoard */,
				8D9316FD27065C040074922A /* Extensions */,
				8D9316FC27065BFB0074922A /* Services */,
				8D9316FA27065B830074922A /* View */,
				8D9316F927065B6E0074922A /* Controller */,
				8D9316F827065B650074922A /* ViewModel */,
				8D9316F727065B5F0074922A /* Model */,
				8D9316E027065B150074922A /* AppDelegate.swift */,
				8D9316E227065B150074922A /* SceneDelegate.swift */,
				8D9316EC27065B180074922A /* Assets.xcassets */,
				8D9316F127065B180074922A /* Info.plist */,
				8D9316E927065B150074922A /* AnimeApp.xcdatamodeld */,
			);
			path = AnimeApp;
			sourceTree = "<group>";
		};
		8D9316F727065B5F0074922A /* Model */ = {
			isa = PBXGroup;
			children = (
				8DF18160270CC23600E20C53 /* Top */,
				8DF1815E270CC20700E20C53 /* Books */,
			);
			path = Model;
			sourceTree = "<group>";
		};
		8D9316F827065B650074922A /* ViewModel */ = {
			isa = PBXGroup;
			children = (
				8DF18163270CCA3600E20C53 /* ListBooks */,
				8D93171327067C160074922A /* TopStories */,
			);
			path = ViewModel;
			sourceTree = "<group>";
		};
		8D9316F927065B6E0074922A /* Controller */ = {
			isa = PBXGroup;
			children = (
				8D14D048270FCA490092CFC1 /* DetailBookController */,
				8D14D043270FAB3F0092CFC1 /* DetailTopController */,
				8D9316FF27065EC10074922A /* TopStoriesViewController.swift */,
			);
			path = Controller;
			sourceTree = "<group>";
		};
		8D9316FA27065B830074922A /* View */ = {
			isa = PBXGroup;
			children = (
				8DE1A70D270E2062000D44FD /* BookListCell */,
				8D93170827066FA60074922A /* CardViewShadow */,
				8D93170127066BCA0074922A /* TopAnimesViewCell */,
			);
			path = View;
			sourceTree = "<group>";
		};
		8D9316FC27065BFB0074922A /* Services */ = {
			isa = PBXGroup;
			children = (
				8D93171127067B210074922A /* NetworkServicesModel.swift */,
			);
			path = Services;
			sourceTree = "<group>";
		};
		8D9316FD27065C040074922A /* Extensions */ = {
			isa = PBXGroup;
			children = (
				8D14D040270F70750092CFC1 /* FillSuperview */,
				8D93170627066CD40074922A /* UIView+Extension.swift */,
				8D93170D270678360074922A /* String+Extension.swift */,
				8D2BFA90270E77A60000A499 /* UIColor+Extension.swift */,
				8D14D046270FB90D0092CFC1 /* UIVIewController+Extension.swift */,
			);
			path = Extensions;
			sourceTree = "<group>";
		};
		8D9316FE27065C750074922A /* StoryBoard */ = {
			isa = PBXGroup;
			children = (
				8D9316EE27065B180074922A /* LaunchScreen.storyboard */,
				8D9316E627065B150074922A /* Main.storyboard */,
			);
			path = StoryBoard;
			sourceTree = "<group>";
		};
		8D93170127066BCA0074922A /* TopAnimesViewCell */ = {
			isa = PBXGroup;
			children = (
				8D93170227066C680074922A /* TopStoriesCollectionViewCell.swift */,
				8D93170327066C680074922A /* TopStoriesCollectionViewCell.xib */,
			);
			path = TopAnimesViewCell;
			sourceTree = "<group>";
		};
		8D93170827066FA60074922A /* CardViewShadow */ = {
			isa = PBXGroup;
			children = (
				8D93170927066FF00074922A /* CardViewShadow.swift */,
			);
			path = CardViewShadow;
			sourceTree = "<group>";
		};
		8D93171327067C160074922A /* TopStories */ = {
			isa = PBXGroup;
			children = (
				8D93171427067C4B0074922A /* TopStoriesViewModel.swift */,
			);
			path = TopStories;
			sourceTree = "<group>";
		};
		8DE1A70D270E2062000D44FD /* BookListCell */ = {
			isa = PBXGroup;
			children = (
				8DE1A70E270E2129000D44FD /* BookListCollectionViewCell.swift */,
				8DE1A70F270E2129000D44FD /* BookListCollectionViewCell.xib */,
			);
			path = BookListCell;
			sourceTree = "<group>";
		};
		8DF1815E270CC20700E20C53 /* Books */ = {
			isa = PBXGroup;
			children = (
				8DF18161270CC27E00E20C53 /* Book.swift */,
			);
			path = Books;
			sourceTree = "<group>";
		};
		8DF18160270CC23600E20C53 /* Top */ = {
			isa = PBXGroup;
			children = (
				8D93170B270671B70074922A /* Top.swift */,
			);
			path = Top;
			sourceTree = "<group>";
		};
		8DF18163270CCA3600E20C53 /* ListBooks */ = {
			isa = PBXGroup;
			children = (
				8DF18164270CCA5100E20C53 /* BookListsViewModel.swift */,
			);
			path = ListBooks;
			sourceTree = "<group>";
		};
		E4F11B6F1CD2EA134DCC65A6 /* Frameworks */ = {
			isa = PBXGroup;
			children = (
				D375F9EB19858BFAD796F043 /* Pods_AnimeApp.framework */,
			);
			name = Frameworks;
			sourceTree = "<group>";
		};
/* End PBXGroup section */

/* Begin PBXNativeTarget section */
		8D9316DC27065B150074922A /* AnimeApp */ = {
			isa = PBXNativeTarget;
			buildConfigurationList = 8D9316F427065B180074922A /* Build configuration list for PBXNativeTarget "AnimeApp" */;
			buildPhases = (
				F2766E79C39B7FA83CD73157 /* [CP] Check Pods Manifest.lock */,
				8D9316D927065B150074922A /* Sources */,
				8D9316DA27065B150074922A /* Frameworks */,
				8D9316DB27065B150074922A /* Resources */,
				BB55C989E4870A9411D319BB /* [CP] Embed Pods Frameworks */,
			);
			buildRules = (
			);
			dependencies = (
			);
			name = AnimeApp;
			productName = AnimeApp;
			productReference = 8D9316DD27065B150074922A /* AnimeApp.app */;
			productType = "com.apple.product-type.application";
		};
/* End PBXNativeTarget section */

/* Begin PBXProject section */
		8D9316D527065B150074922A /* Project object */ = {
			isa = PBXProject;
			attributes = {
				BuildIndependentTargetsInParallel = 1;
				LastSwiftUpdateCheck = 1300;
				LastUpgradeCheck = 1300;
				TargetAttributes = {
					8D9316DC27065B150074922A = {
						CreatedOnToolsVersion = 13.0;
					};
				};
			};
			buildConfigurationList = 8D9316D827065B150074922A /* Build configuration list for PBXProject "AnimeApp" */;
			compatibilityVersion = "Xcode 13.0";
			developmentRegion = en;
			hasScannedForEncodings = 0;
			knownRegions = (
				en,
				Base,
			);
			mainGroup = 8D9316D427065B150074922A;
			productRefGroup = 8D9316DE27065B150074922A /* Products */;
			projectDirPath = "";
			projectRoot = "";
			targets = (
				8D9316DC27065B150074922A /* AnimeApp */,
			);
		};
/* End PBXProject section */

/* Begin PBXResourcesBuildPhase section */
		8D9316DB27065B150074922A /* Resources */ = {
			isa = PBXResourcesBuildPhase;
			buildActionMask = 2147483647;
			files = (
				8D9316F027065B180074922A /* LaunchScreen.storyboard in Resources */,
				8D9316ED27065B180074922A /* Assets.xcassets in Resources */,
				8D9316E827065B150074922A /* Main.storyboard in Resources */,
				8DE1A711270E212A000D44FD /* BookListCollectionViewCell.xib in Resources */,
				8D93170527066C680074922A /* TopStoriesCollectionViewCell.xib in Resources */,
			);
			runOnlyForDeploymentPostprocessing = 0;
		};
/* End PBXResourcesBuildPhase section */

/* Begin PBXShellScriptBuildPhase section */
		BB55C989E4870A9411D319BB /* [CP] Embed Pods Frameworks */ = {
			isa = PBXShellScriptBuildPhase;
			buildActionMask = 2147483647;
			files = (
			);
			inputFileListPaths = (
				"${PODS_ROOT}/Target Support Files/Pods-AnimeApp/Pods-AnimeApp-frameworks-${CONFIGURATION}-input-files.xcfilelist",
			);
			name = "[CP] Embed Pods Frameworks";
			outputFileListPaths = (
				"${PODS_ROOT}/Target Support Files/Pods-AnimeApp/Pods-AnimeApp-frameworks-${CONFIGURATION}-output-files.xcfilelist",
			);
			runOnlyForDeploymentPostprocessing = 0;
			shellPath = /bin/sh;
			shellScript = "\"${PODS_ROOT}/Target Support Files/Pods-AnimeApp/Pods-AnimeApp-frameworks.sh\"\n";
			showEnvVarsInLog = 0;
		};
		F2766E79C39B7FA83CD73157 /* [CP] Check Pods Manifest.lock */ = {
			isa = PBXShellScriptBuildPhase;
			buildActionMask = 2147483647;
			files = (
			);
			inputFileListPaths = (
			);
			inputPaths = (
				"${PODS_PODFILE_DIR_PATH}/Podfile.lock",
				"${PODS_ROOT}/Manifest.lock",
			);
			name = "[CP] Check Pods Manifest.lock";
			outputFileListPaths = (
			);
			outputPaths = (
				"$(DERIVED_FILE_DIR)/Pods-AnimeApp-checkManifestLockResult.txt",
			);
			runOnlyForDeploymentPostprocessing = 0;
			shellPath = /bin/sh;
			shellScript = "diff \"${PODS_PODFILE_DIR_PATH}/Podfile.lock\" \"${PODS_ROOT}/Manifest.lock\" > /dev/null\nif [ $? != 0 ] ; then\n    # print error to STDERR\n    echo \"error: The sandbox is not in sync with the Podfile.lock. Run 'pod install' or update your CocoaPods installation.\" >&2\n    exit 1\nfi\n# This output is used by Xcode 'outputs' to avoid re-running this script phase.\necho \"SUCCESS\" > \"${SCRIPT_OUTPUT_FILE_0}\"\n";
			showEnvVarsInLog = 0;
		};
/* End PBXShellScriptBuildPhase section */

/* Begin PBXSourcesBuildPhase section */
		8D9316D927065B150074922A /* Sources */ = {
			isa = PBXSourcesBuildPhase;
			buildActionMask = 2147483647;
			files = (
				8D14D042270F709B0092CFC1 /* UIView+Layout.swift in Sources */,
				8D14D045270FAB590092CFC1 /* DetailTopViewController.swift in Sources */,
				8D93170727066CD40074922A /* UIView+Extension.swift in Sources */,
				8D93170E270678360074922A /* String+Extension.swift in Sources */,
				8D14D04A270FCAAF0092CFC1 /* DetailBookController.swift in Sources */,
				8D93171527067C4B0074922A /* TopStoriesViewModel.swift in Sources */,
				8D9316EB27065B150074922A /* AnimeApp.xcdatamodeld in Sources */,
				8D93170027065EC10074922A /* TopStoriesViewController.swift in Sources */,
				8D93170427066C680074922A /* TopStoriesCollectionViewCell.swift in Sources */,
				8DE1A710270E212A000D44FD /* BookListCollectionViewCell.swift in Sources */,
				8D9316E127065B150074922A /* AppDelegate.swift in Sources */,
				8D9316E327065B150074922A /* SceneDelegate.swift in Sources */,
				8D2BFA91270E77A70000A499 /* UIColor+Extension.swift in Sources */,
				8DF18162270CC27E00E20C53 /* Book.swift in Sources */,
				8D93171227067B210074922A /* NetworkServicesModel.swift in Sources */,
				8D14D047270FB90D0092CFC1 /* UIVIewController+Extension.swift in Sources */,
				8D93170A27066FF00074922A /* CardViewShadow.swift in Sources */,
				8D93170C270671B70074922A /* Top.swift in Sources */,
				8DF18165270CCA5100E20C53 /* BookListsViewModel.swift in Sources */,
			);
			runOnlyForDeploymentPostprocessing = 0;
		};
/* End PBXSourcesBuildPhase section */

/* Begin PBXVariantGroup section */
		8D9316E627065B150074922A /* Main.storyboard */ = {
			isa = PBXVariantGroup;
			children = (
				8D9316E727065B150074922A /* Base */,
			);
			name = Main.storyboard;
			sourceTree = "<group>";
		};
		8D9316EE27065B180074922A /* LaunchScreen.storyboard */ = {
			isa = PBXVariantGroup;
			children = (
				8D9316EF27065B180074922A /* Base */,
			);
			name = LaunchScreen.storyboard;
			sourceTree = "<group>";
		};
/* End PBXVariantGroup section */

/* Begin XCBuildConfiguration section */
		8D9316F227065B180074922A /* Debug */ = {
			isa = XCBuildConfiguration;
			buildSettings = {
				ALWAYS_SEARCH_USER_PATHS = NO;
				CLANG_ANALYZER_NONNULL = YES;
				CLANG_ANALYZER_NUMBER_OBJECT_CONVERSION = YES_AGGRESSIVE;
				CLANG_CXX_LANGUAGE_STANDARD = "gnu++17";
				CLANG_CXX_LIBRARY = "libc++";
				CLANG_ENABLE_MODULES = YES;
				CLANG_ENABLE_OBJC_ARC = YES;
				CLANG_ENABLE_OBJC_WEAK = YES;
				CLANG_WARN_BLOCK_CAPTURE_AUTORELEASING = YES;
				CLANG_WARN_BOOL_CONVERSION = YES;
				CLANG_WARN_COMMA = YES;
				CLANG_WARN_CONSTANT_CONVERSION = YES;
				CLANG_WARN_DEPRECATED_OBJC_IMPLEMENTATIONS = YES;
				CLANG_WARN_DIRECT_OBJC_ISA_USAGE = YES_ERROR;
				CLANG_WARN_DOCUMENTATION_COMMENTS = YES;
				CLANG_WARN_EMPTY_BODY = YES;
				CLANG_WARN_ENUM_CONVERSION = YES;
				CLANG_WARN_INFINITE_RECURSION = YES;
				CLANG_WARN_INT_CONVERSION = YES;
				CLANG_WARN_NON_LITERAL_NULL_CONVERSION = YES;
				CLANG_WARN_OBJC_IMPLICIT_RETAIN_SELF = YES;
				CLANG_WARN_OBJC_LITERAL_CONVERSION = YES;
				CLANG_WARN_OBJC_ROOT_CLASS = YES_ERROR;
				CLANG_WARN_QUOTED_INCLUDE_IN_FRAMEWORK_HEADER = YES;
				CLANG_WARN_RANGE_LOOP_ANALYSIS = YES;
				CLANG_WARN_STRICT_PROTOTYPES = YES;
				CLANG_WARN_SUSPICIOUS_MOVE = YES;
				CLANG_WARN_UNGUARDED_AVAILABILITY = YES_AGGRESSIVE;
				CLANG_WARN_UNREACHABLE_CODE = YES;
				CLANG_WARN__DUPLICATE_METHOD_MATCH = YES;
				COPY_PHASE_STRIP = NO;
				DEBUG_INFORMATION_FORMAT = dwarf;
				ENABLE_STRICT_OBJC_MSGSEND = YES;
				ENABLE_TESTABILITY = YES;
				GCC_C_LANGUAGE_STANDARD = gnu11;
				GCC_DYNAMIC_NO_PIC = NO;
				GCC_NO_COMMON_BLOCKS = YES;
				GCC_OPTIMIZATION_LEVEL = 0;
				GCC_PREPROCESSOR_DEFINITIONS = (
					"DEBUG=1",
					"$(inherited)",
				);
				GCC_WARN_64_TO_32_BIT_CONVERSION = YES;
				GCC_WARN_ABOUT_RETURN_TYPE = YES_ERROR;
				GCC_WARN_UNDECLARED_SELECTOR = YES;
				GCC_WARN_UNINITIALIZED_AUTOS = YES_AGGRESSIVE;
				GCC_WARN_UNUSED_FUNCTION = YES;
				GCC_WARN_UNUSED_VARIABLE = YES;
				IPHONEOS_DEPLOYMENT_TARGET = 15.0;
				MTL_ENABLE_DEBUG_INFO = INCLUDE_SOURCE;
				MTL_FAST_MATH = YES;
				ONLY_ACTIVE_ARCH = YES;
				SDKROOT = iphoneos;
				SWIFT_ACTIVE_COMPILATION_CONDITIONS = DEBUG;
				SWIFT_OPTIMIZATION_LEVEL = "-Onone";
			};
			name = Debug;
		};
		8D9316F327065B180074922A /* Release */ = {
			isa = XCBuildConfiguration;
			buildSettings = {
				ALWAYS_SEARCH_USER_PATHS = NO;
				CLANG_ANALYZER_NONNULL = YES;
				CLANG_ANALYZER_NUMBER_OBJECT_CONVERSION = YES_AGGRESSIVE;
				CLANG_CXX_LANGUAGE_STANDARD = "gnu++17";
				CLANG_CXX_LIBRARY = "libc++";
				CLANG_ENABLE_MODULES = YES;
				CLANG_ENABLE_OBJC_ARC = YES;
				CLANG_ENABLE_OBJC_WEAK = YES;
				CLANG_WARN_BLOCK_CAPTURE_AUTORELEASING = YES;
				CLANG_WARN_BOOL_CONVERSION = YES;
				CLANG_WARN_COMMA = YES;
				CLANG_WARN_CONSTANT_CONVERSION = YES;
				CLANG_WARN_DEPRECATED_OBJC_IMPLEMENTATIONS = YES;
				CLANG_WARN_DIRECT_OBJC_ISA_USAGE = YES_ERROR;
				CLANG_WARN_DOCUMENTATION_COMMENTS = YES;
				CLANG_WARN_EMPTY_BODY = YES;
				CLANG_WARN_ENUM_CONVERSION = YES;
				CLANG_WARN_INFINITE_RECURSION = YES;
				CLANG_WARN_INT_CONVERSION = YES;
				CLANG_WARN_NON_LITERAL_NULL_CONVERSION = YES;
				CLANG_WARN_OBJC_IMPLICIT_RETAIN_SELF = YES;
				CLANG_WARN_OBJC_LITERAL_CONVERSION = YES;
				CLANG_WARN_OBJC_ROOT_CLASS = YES_ERROR;
				CLANG_WARN_QUOTED_INCLUDE_IN_FRAMEWORK_HEADER = YES;
				CLANG_WARN_RANGE_LOOP_ANALYSIS = YES;
				CLANG_WARN_STRICT_PROTOTYPES = YES;
				CLANG_WARN_SUSPICIOUS_MOVE = YES;
				CLANG_WARN_UNGUARDED_AVAILABILITY = YES_AGGRESSIVE;
				CLANG_WARN_UNREACHABLE_CODE = YES;
				CLANG_WARN__DUPLICATE_METHOD_MATCH = YES;
				COPY_PHASE_STRIP = NO;
				DEBUG_INFORMATION_FORMAT = "dwarf-with-dsym";
				ENABLE_NS_ASSERTIONS = NO;
				ENABLE_STRICT_OBJC_MSGSEND = YES;
				GCC_C_LANGUAGE_STANDARD = gnu11;
				GCC_NO_COMMON_BLOCKS = YES;
				GCC_WARN_64_TO_32_BIT_CONVERSION = YES;
				GCC_WARN_ABOUT_RETURN_TYPE = YES_ERROR;
				GCC_WARN_UNDECLARED_SELECTOR = YES;
				GCC_WARN_UNINITIALIZED_AUTOS = YES_AGGRESSIVE;
				GCC_WARN_UNUSED_FUNCTION = YES;
				GCC_WARN_UNUSED_VARIABLE = YES;
				IPHONEOS_DEPLOYMENT_TARGET = 15.0;
				MTL_ENABLE_DEBUG_INFO = NO;
				MTL_FAST_MATH = YES;
				SDKROOT = iphoneos;
				SWIFT_COMPILATION_MODE = wholemodule;
				SWIFT_OPTIMIZATION_LEVEL = "-O";
				VALIDATE_PRODUCT = YES;
			};
			name = Release;
		};
		8D9316F527065B180074922A /* Debug */ = {
			isa = XCBuildConfiguration;
			baseConfigurationReference = 5AD285334D61C15C1B8181BC /* Pods-AnimeApp.debug.xcconfig */;
			buildSettings = {
				ASSETCATALOG_COMPILER_APPICON_NAME = AppIcon;
				ASSETCATALOG_COMPILER_GLOBAL_ACCENT_COLOR_NAME = AccentColor;
				CODE_SIGN_STYLE = Automatic;
				CURRENT_PROJECT_VERSION = 1;
				DEVELOPMENT_TEAM = S52ZRS44GD;
				GENERATE_INFOPLIST_FILE = YES;
				INFOPLIST_FILE = AnimeApp/Info.plist;
				INFOPLIST_KEY_UIApplicationSupportsIndirectInputEvents = YES;
				INFOPLIST_KEY_UILaunchStoryboardName = LaunchScreen;
				INFOPLIST_KEY_UIMainStoryboardFile = Main;
				INFOPLIST_KEY_UISupportedInterfaceOrientations_iPad = "UIInterfaceOrientationPortrait UIInterfaceOrientationPortraitUpsideDown UIInterfaceOrientationLandscapeLeft UIInterfaceOrientationLandscapeRight";
				INFOPLIST_KEY_UISupportedInterfaceOrientations_iPhone = "UIInterfaceOrientationPortrait UIInterfaceOrientationLandscapeLeft UIInterfaceOrientationLandscapeRight";
				LD_RUNPATH_SEARCH_PATHS = (
					"$(inherited)",
					"@executable_path/Frameworks",
				);
				MARKETING_VERSION = 1.0;
				PRODUCT_BUNDLE_IDENTIFIER = com.detotounpoquito.AnimeApp;
				PRODUCT_NAME = "$(TARGET_NAME)";
				SWIFT_EMIT_LOC_STRINGS = YES;
				SWIFT_VERSION = 5.0;
				TARGETED_DEVICE_FAMILY = "1,2";
			};
			name = Debug;
		};
		8D9316F627065B180074922A /* Release */ = {
			isa = XCBuildConfiguration;
			baseConfigurationReference = AA3B878DBB68D9EF4CFEAF51 /* Pods-AnimeApp.release.xcconfig */;
			buildSettings = {
				ASSETCATALOG_COMPILER_APPICON_NAME = AppIcon;
				ASSETCATALOG_COMPILER_GLOBAL_ACCENT_COLOR_NAME = AccentColor;
				CODE_SIGN_STYLE = Automatic;
				CURRENT_PROJECT_VERSION = 1;
				DEVELOPMENT_TEAM = S52ZRS44GD;
				GENERATE_INFOPLIST_FILE = YES;
				INFOPLIST_FILE = AnimeApp/Info.plist;
				INFOPLIST_KEY_UIApplicationSupportsIndirectInputEvents = YES;
				INFOPLIST_KEY_UILaunchStoryboardName = LaunchScreen;
				INFOPLIST_KEY_UIMainStoryboardFile = Main;
				INFOPLIST_KEY_UISupportedInterfaceOrientations_iPad = "UIInterfaceOrientationPortrait UIInterfaceOrientationPortraitUpsideDown UIInterfaceOrientationLandscapeLeft UIInterfaceOrientationLandscapeRight";
				INFOPLIST_KEY_UISupportedInterfaceOrientations_iPhone = "UIInterfaceOrientationPortrait UIInterfaceOrientationLandscapeLeft UIInterfaceOrientationLandscapeRight";
				LD_RUNPATH_SEARCH_PATHS = (
					"$(inherited)",
					"@executable_path/Frameworks",
				);
				MARKETING_VERSION = 1.0;
				PRODUCT_BUNDLE_IDENTIFIER = com.detotounpoquito.AnimeApp;
				PRODUCT_NAME = "$(TARGET_NAME)";
				SWIFT_EMIT_LOC_STRINGS = YES;
				SWIFT_VERSION = 5.0;
				TARGETED_DEVICE_FAMILY = "1,2";
			};
			name = Release;
		};
/* End XCBuildConfiguration section */

/* Begin XCConfigurationList section */
		8D9316D827065B150074922A /* Build configuration list for PBXProject "AnimeApp" */ = {
			isa = XCConfigurationList;
			buildConfigurations = (
				8D9316F227065B180074922A /* Debug */,
				8D9316F327065B180074922A /* Release */,
			);
			defaultConfigurationIsVisible = 0;
			defaultConfigurationName = Release;
		};
		8D9316F427065B180074922A /* Build configuration list for PBXNativeTarget "AnimeApp" */ = {
			isa = XCConfigurationList;
			buildConfigurations = (
				8D9316F527065B180074922A /* Debug */,
				8D9316F627065B180074922A /* Release */,
			);
			defaultConfigurationIsVisible = 0;
			defaultConfigurationName = Release;
		};
/* End XCConfigurationList section */

/* Begin XCVersionGroup section */
		8D9316E927065B150074922A /* AnimeApp.xcdatamodeld */ = {
			isa = XCVersionGroup;
			children = (
				8D9316EA27065B150074922A /* AnimeApp.xcdatamodel */,
			);
			currentVersion = 8D9316EA27065B150074922A /* AnimeApp.xcdatamodel */;
			path = AnimeApp.xcdatamodeld;
			sourceTree = "<group>";
			versionGroupType = wrapper.xcdatamodel;
		};
/* End XCVersionGroup section */
	};
	rootObject = 8D9316D527065B150074922A /* Project object */;
}
